
Microsoft Visual Studio Solution File, Format Version 12.00
# Visual Studio Version 17
VisualStudioVersion = 17.4.33213.308
MinimumVisualStudioVersion = 10.0.40219.1
Project("{888888A0-9F3D-457C-B088-3A5042F75D52}") = "python_dbg", "python_dbg.pyproj", "{3DCFF6FF-6126-4612-8241-B326748FD68A}"
EndProject
Global
	GlobalSection(SolutionConfigurationPlatforms) = preSolution
		Debug|Any CPU = Debug|Any CPU
		Release|Any CPU = Release|Any CPU
	EndGlobalSection
	GlobalSection(ProjectConfigurationPlatforms) = postSolution
		{3DCFF6FF-6126-4612-8241-B326748FD68A}.Debug|Any CPU.ActiveCfg = Debug|Any CPU
		{3DCFF6FF-6126-4612-8241-B326748FD68A}.Release|Any CPU.ActiveCfg = Release|Any CPU
	EndGlobalSection
	GlobalSection(SolutionProperties) = preSolution
		HideSolutionNode = FALSE
	EndGlobalSection
	GlobalSection(ExtensibilityGlobals) = postSolution
		SolutionGuid = {CD586D4C-B3D2-490C-991F-0730FC22BFC7}
	EndGlobalSection
EndGlobal
